
Microsoft Visual Studio Solution File, Format Version 12.00
# Visual Studio 15
VisualStudioVersion = 15.0.26730.12
MinimumVisualStudioVersion = 10.0.40219.1
Project("{9A19103F-16F7-4668-BE54-9A1E7A4F7556}") = "Api", "src\Api\Api.csproj", "{0FD1D163-08D7-45F3-82F9-F0FBBE4FD8DE}"
EndProject
Project("{E53339B2-1760-4266-BCC7-CA923CBCF16C}") = "docker-compose", "docker-compose.dcproj", "{DCC758EC-74EA-4D40-A2E2-39F0BB32A696}"
	ProjectSection(ProjectDependencies) = postProject
		{ECBFF83B-ACEA-4A8E-B409-7F2495930AF8} = {ECBFF83B-ACEA-4A8E-B409-7F2495930AF8}
		{3C33D941-6075-4436-A512-F4E5651AF66B} = {3C33D941-6075-4436-A512-F4E5651AF66B}
		{0FD1D163-08D7-45F3-82F9-F0FBBE4FD8DE} = {0FD1D163-08D7-45F3-82F9-F0FBBE4FD8DE}
		{3651E17B-70D0-433B-A687-C837F8D2AD0D} = {3651E17B-70D0-433B-A687-C837F8D2AD0D}
		{BCD6BDFD-DF5D-4013-97C0-0825D21F2E91} = {BCD6BDFD-DF5D-4013-97C0-0825D21F2E91}
	EndProjectSection
EndProject
Project("{9A19103F-16F7-4668-BE54-9A1E7A4F7556}") = "Api.Domain", "src\Api.Domain\Api.Domain.csproj", "{3C33D941-6075-4436-A512-F4E5651AF66B}"
EndProject
Project("{9A19103F-16F7-4668-BE54-9A1E7A4F7556}") = "Api.Infrastructure.Ecobee", "src\Api.Infrastructure.Ecobee\Api.Infrastructure.Ecobee.csproj", "{3651E17B-70D0-433B-A687-C837F8D2AD0D}"
EndProject
Project("{9A19103F-16F7-4668-BE54-9A1E7A4F7556}") = "Api.Infrastructure.Data", "src\Api.Infrastructure.Data\Api.Infrastructure.Data.csproj", "{ECBFF83B-ACEA-4A8E-B409-7F2495930AF8}"
EndProject
Project("{9A19103F-16F7-4668-BE54-9A1E7A4F7556}") = "Api.Tests.Unit", "tests\Api.Tests.Unit\Api.Tests.Unit.csproj", "{BCD6BDFD-DF5D-4013-97C0-0825D21F2E91}"
EndProject
Project("{2150E333-8FDC-42A3-9474-1A3956D46DE8}") = "src", "src", "{91302E71-FB48-447C-9A37-1D51F988AF42}"
EndProject
Project("{2150E333-8FDC-42A3-9474-1A3956D46DE8}") = "tests", "tests", "{8832AE45-C181-4B80-8180-36A31A6D6016}"
EndProject
Project("{9A19103F-16F7-4668-BE54-9A1E7A4F7556}") = "Api.Infrastructure.Redis", "src\Api.Infrastructure.Redis\Api.Infrastructure.Redis.csproj", "{FA04F1F2-F82C-40E5-AFEB-A2A96890868B}"
EndProject
Global
	GlobalSection(SolutionConfigurationPlatforms) = preSolution
		Debug|Any CPU = Debug|Any CPU
		Release|Any CPU = Release|Any CPU
	EndGlobalSection
	GlobalSection(ProjectConfigurationPlatforms) = postSolution
		{0FD1D163-08D7-45F3-82F9-F0FBBE4FD8DE}.Debug|Any CPU.ActiveCfg = Debug|Any CPU
		{0FD1D163-08D7-45F3-82F9-F0FBBE4FD8DE}.Debug|Any CPU.Build.0 = Debug|Any CPU
		{0FD1D163-08D7-45F3-82F9-F0FBBE4FD8DE}.Release|Any CPU.ActiveCfg = Release|Any CPU
		{0FD1D163-08D7-45F3-82F9-F0FBBE4FD8DE}.Release|Any CPU.Build.0 = Release|Any CPU
		{DCC758EC-74EA-4D40-A2E2-39F0BB32A696}.Debug|Any CPU.ActiveCfg = Debug|Any CPU
		{DCC758EC-74EA-4D40-A2E2-39F0BB32A696}.Debug|Any CPU.Build.0 = Debug|Any CPU
		{DCC758EC-74EA-4D40-A2E2-39F0BB32A696}.Release|Any CPU.ActiveCfg = Release|Any CPU
		{DCC758EC-74EA-4D40-A2E2-39F0BB32A696}.Release|Any CPU.Build.0 = Release|Any CPU
		{3C33D941-6075-4436-A512-F4E5651AF66B}.Debug|Any CPU.ActiveCfg = Debug|Any CPU
		{3C33D941-6075-4436-A512-F4E5651AF66B}.Debug|Any CPU.Build.0 = Debug|Any CPU
		{3C33D941-6075-4436-A512-F4E5651AF66B}.Release|Any CPU.ActiveCfg = Release|Any CPU
		{3C33D941-6075-4436-A512-F4E5651AF66B}.Release|Any CPU.Build.0 = Release|Any CPU
		{3651E17B-70D0-433B-A687-C837F8D2AD0D}.Debug|Any CPU.ActiveCfg = Debug|Any CPU
		{3651E17B-70D0-433B-A687-C837F8D2AD0D}.Debug|Any CPU.Build.0 = Debug|Any CPU
		{3651E17B-70D0-433B-A687-C837F8D2AD0D}.Release|Any CPU.ActiveCfg = Release|Any CPU
		{3651E17B-70D0-433B-A687-C837F8D2AD0D}.Release|Any CPU.Build.0 = Release|Any CPU
		{ECBFF83B-ACEA-4A8E-B409-7F2495930AF8}.Debug|Any CPU.ActiveCfg = Debug|Any CPU
		{ECBFF83B-ACEA-4A8E-B409-7F2495930AF8}.Debug|Any CPU.Build.0 = Debug|Any CPU
		{ECBFF83B-ACEA-4A8E-B409-7F2495930AF8}.Release|Any CPU.ActiveCfg = Release|Any CPU
		{ECBFF83B-ACEA-4A8E-B409-7F2495930AF8}.Release|Any CPU.Build.0 = Release|Any CPU
		{BCD6BDFD-DF5D-4013-97C0-0825D21F2E91}.Debug|Any CPU.ActiveCfg = Debug|Any CPU
		{BCD6BDFD-DF5D-4013-97C0-0825D21F2E91}.Debug|Any CPU.Build.0 = Debug|Any CPU
		{BCD6BDFD-DF5D-4013-97C0-0825D21F2E91}.Release|Any CPU.ActiveCfg = Release|Any CPU
		{BCD6BDFD-DF5D-4013-97C0-0825D21F2E91}.Release|Any CPU.Build.0 = Release|Any CPU
		{FA04F1F2-F82C-40E5-AFEB-A2A96890868B}.Debug|Any CPU.ActiveCfg = Debug|Any CPU
		{FA04F1F2-F82C-40E5-AFEB-A2A96890868B}.Debug|Any CPU.Build.0 = Debug|Any CPU
		{FA04F1F2-F82C-40E5-AFEB-A2A96890868B}.Release|Any CPU.ActiveCfg = Release|Any CPU
		{FA04F1F2-F82C-40E5-AFEB-A2A96890868B}.Release|Any CPU.Build.0 = Release|Any CPU
	EndGlobalSection
	GlobalSection(SolutionProperties) = preSolution
		HideSolutionNode = FALSE
	EndGlobalSection
	GlobalSection(NestedProjects) = preSolution
		{0FD1D163-08D7-45F3-82F9-F0FBBE4FD8DE} = {91302E71-FB48-447C-9A37-1D51F988AF42}
		{3C33D941-6075-4436-A512-F4E5651AF66B} = {91302E71-FB48-447C-9A37-1D51F988AF42}
		{3651E17B-70D0-433B-A687-C837F8D2AD0D} = {91302E71-FB48-447C-9A37-1D51F988AF42}
		{ECBFF83B-ACEA-4A8E-B409-7F2495930AF8} = {91302E71-FB48-447C-9A37-1D51F988AF42}
		{BCD6BDFD-DF5D-4013-97C0-0825D21F2E91} = {8832AE45-C181-4B80-8180-36A31A6D6016}
		{FA04F1F2-F82C-40E5-AFEB-A2A96890868B} = {91302E71-FB48-447C-9A37-1D51F988AF42}
	EndGlobalSection
	GlobalSection(ExtensibilityGlobals) = postSolution
		SolutionGuid = {ABFC438E-0E93-45DA-9BAC-477576610493}
	EndGlobalSection
EndGlobal
